// !$*UTF8*$!
{
	archiveVersion = 1;
	classes = {
	};
	objectVersion = 56;
	objects = {

/* Begin PBXBuildFile section */
		8476F59C2AAF384D000AF0E2 /* OtelApp.swift in Sources */ = {isa = PBXBuildFile; fileRef = 8476F59B2AAF384D000AF0E2 /* OtelApp.swift */; };
		8476F59E2AAF384D000AF0E2 /* ContentView.swift in Sources */ = {isa = PBXBuildFile; fileRef = 8476F59D2AAF384D000AF0E2 /* ContentView.swift */; };
		8476F5A02AAF384F000AF0E2 /* Assets.xcassets in Resources */ = {isa = PBXBuildFile; fileRef = 8476F59F2AAF384F000AF0E2 /* Assets.xcassets */; };
		8476F5A32AAF384F000AF0E2 /* Preview Assets.xcassets in Resources */ = {isa = PBXBuildFile; fileRef = 8476F5A22AAF384F000AF0E2 /* Preview Assets.xcassets */; };
		84936AAF2AAF41B100F05AAE /* Fonts.swift in Sources */ = {isa = PBXBuildFile; fileRef = 84936AAE2AAF41B100F05AAE /* Fonts.swift */; };
		84936AB22AAF49F500F05AAE /* Images.swift in Sources */ = {isa = PBXBuildFile; fileRef = 84936AB12AAF49F500F05AAE /* Images.swift */; };
		84936AB52AAF4AB900F05AAE /* Color.swift in Sources */ = {isa = PBXBuildFile; fileRef = 84936AB42AAF4AB900F05AAE /* Color.swift */; };
		84936ABF2AAF55E300F05AAE /* CarouselIndicatorView.swift in Sources */ = {isa = PBXBuildFile; fileRef = 84936ABE2AAF55E300F05AAE /* CarouselIndicatorView.swift */; };
		84936AC12AAF57AC00F05AAE /* CircleIndicatorView.swift in Sources */ = {isa = PBXBuildFile; fileRef = 84936AC02AAF57AC00F05AAE /* CircleIndicatorView.swift */; };
		84936AC42AAF57DF00F05AAE /* Shape + Extension.swift in Sources */ = {isa = PBXBuildFile; fileRef = 84936AC32AAF57DF00F05AAE /* Shape + Extension.swift */; };
		84936AC62AAF722400F05AAE /* CarouselView.swift in Sources */ = {isa = PBXBuildFile; fileRef = 84936AC52AAF722400F05AAE /* CarouselView.swift */; };
		84936AC82AB12B8600F05AAE /* HighlightSignView.swift in Sources */ = {isa = PBXBuildFile; fileRef = 84936AC72AB12B8600F05AAE /* HighlightSignView.swift */; };
/* End PBXBuildFile section */

/* Begin PBXFileReference section */
		8476F5982AAF384D000AF0E2 /* Otel.app */ = {isa = PBXFileReference; explicitFileType = wrapper.application; includeInIndex = 0; path = Otel.app; sourceTree = BUILT_PRODUCTS_DIR; };
		8476F59B2AAF384D000AF0E2 /* OtelApp.swift */ = {isa = PBXFileReference; lastKnownFileType = sourcecode.swift; path = OtelApp.swift; sourceTree = "<group>"; };
		8476F59D2AAF384D000AF0E2 /* ContentView.swift */ = {isa = PBXFileReference; lastKnownFileType = sourcecode.swift; path = ContentView.swift; sourceTree = "<group>"; };
		8476F59F2AAF384F000AF0E2 /* Assets.xcassets */ = {isa = PBXFileReference; lastKnownFileType = folder.assetcatalog; name = Assets.xcassets; path = ../Assets.xcassets; sourceTree = "<group>"; };
		8476F5A22AAF384F000AF0E2 /* Preview Assets.xcassets */ = {isa = PBXFileReference; lastKnownFileType = folder.assetcatalog; path = "Preview Assets.xcassets"; sourceTree = "<group>"; };
		84936AAE2AAF41B100F05AAE /* Fonts.swift */ = {isa = PBXFileReference; lastKnownFileType = sourcecode.swift; path = Fonts.swift; sourceTree = "<group>"; };
		84936AB12AAF49F500F05AAE /* Images.swift */ = {isa = PBXFileReference; lastKnownFileType = sourcecode.swift; path = Images.swift; sourceTree = "<group>"; };
		84936AB42AAF4AB900F05AAE /* Color.swift */ = {isa = PBXFileReference; lastKnownFileType = sourcecode.swift; path = Color.swift; sourceTree = "<group>"; };
		84936ABE2AAF55E300F05AAE /* CarouselIndicatorView.swift */ = {isa = PBXFileReference; lastKnownFileType = sourcecode.swift; path = CarouselIndicatorView.swift; sourceTree = "<group>"; };
		84936AC02AAF57AC00F05AAE /* CircleIndicatorView.swift */ = {isa = PBXFileReference; lastKnownFileType = sourcecode.swift; path = CircleIndicatorView.swift; sourceTree = "<group>"; };
		84936AC32AAF57DF00F05AAE /* Shape + Extension.swift */ = {isa = PBXFileReference; lastKnownFileType = sourcecode.swift; path = "Shape + Extension.swift"; sourceTree = "<group>"; };
		84936AC52AAF722400F05AAE /* CarouselView.swift */ = {isa = PBXFileReference; lastKnownFileType = sourcecode.swift; path = CarouselView.swift; sourceTree = "<group>"; };
		84936AC72AB12B8600F05AAE /* HighlightSignView.swift */ = {isa = PBXFileReference; lastKnownFileType = sourcecode.swift; path = HighlightSignView.swift; sourceTree = "<group>"; };
/* End PBXFileReference section */

/* Begin PBXFrameworksBuildPhase section */
		8476F5952AAF384D000AF0E2 /* Frameworks */ = {
			isa = PBXFrameworksBuildPhase;
			buildActionMask = 2147483647;
			files = (
			);
			runOnlyForDeploymentPostprocessing = 0;
		};
/* End PBXFrameworksBuildPhase section */

/* Begin PBXGroup section */
		8476F58F2AAF384D000AF0E2 = {
			isa = PBXGroup;
			children = (
				8476F59A2AAF384D000AF0E2 /* Otel */,
				8476F5992AAF384D000AF0E2 /* Products */,
			);
			sourceTree = "<group>";
		};
		8476F5992AAF384D000AF0E2 /* Products */ = {
			isa = PBXGroup;
			children = (
				8476F5982AAF384D000AF0E2 /* Otel.app */,
			);
			name = Products;
			sourceTree = "<group>";
		};
		8476F59A2AAF384D000AF0E2 /* Otel */ = {
			isa = PBXGroup;
			children = (
				84936ABA2AAF54F700F05AAE /* Sources */,
				84936AAC2AAF419A00F05AAE /* Resources */,
				8476F59D2AAF384D000AF0E2 /* ContentView.swift */,
			);
			path = Otel;
			sourceTree = "<group>";
		};
		8476F5A12AAF384F000AF0E2 /* Preview Content */ = {
			isa = PBXGroup;
			children = (
				8476F5A22AAF384F000AF0E2 /* Preview Assets.xcassets */,
			);
			name = "Preview Content";
			path = "../Preview Content";
			sourceTree = "<group>";
		};
		84936AAC2AAF419A00F05AAE /* Resources */ = {
			isa = PBXGroup;
			children = (
				8476F59F2AAF384F000AF0E2 /* Assets.xcassets */,
				8476F5A12AAF384F000AF0E2 /* Preview Content */,
				84936AAE2AAF41B100F05AAE /* Fonts.swift */,
				84936AB12AAF49F500F05AAE /* Images.swift */,
				84936AB42AAF4AB900F05AAE /* Color.swift */,
			);
			path = Resources;
			sourceTree = "<group>";
		};
		84936ABA2AAF54F700F05AAE /* Sources */ = {
			isa = PBXGroup;
			children = (
				84936AC22AAF57CA00F05AAE /* Helpers */,
				84936ABB2AAF54FF00F05AAE /* CommonViews */,
				8476F59B2AAF384D000AF0E2 /* OtelApp.swift */,
			);
			path = Sources;
			sourceTree = "<group>";
		};
		84936ABB2AAF54FF00F05AAE /* CommonViews */ = {
			isa = PBXGroup;
			children = (
				84936AC92AB12B8E00F05AAE /* HighlightSign */,
				84936ABC2AAF550800F05AAE /* Carousel */,
			);
			path = CommonViews;
			sourceTree = "<group>";
		};
		84936ABC2AAF550800F05AAE /* Carousel */ = {
			isa = PBXGroup;
			children = (
				84936ABD2AAF55C900F05AAE /* Indicator */,
				84936AC52AAF722400F05AAE /* CarouselView.swift */,
			);
			path = Carousel;
			sourceTree = "<group>";
		};
		84936ABD2AAF55C900F05AAE /* Indicator */ = {
			isa = PBXGroup;
			children = (
				84936ABE2AAF55E300F05AAE /* CarouselIndicatorView.swift */,
				84936AC02AAF57AC00F05AAE /* CircleIndicatorView.swift */,
			);
			path = Indicator;
			sourceTree = "<group>";
		};
		84936AC22AAF57CA00F05AAE /* Helpers */ = {
			isa = PBXGroup;
			children = (
				84936AC32AAF57DF00F05AAE /* Shape + Extension.swift */,
			);
			path = Helpers;
			sourceTree = "<group>";
		};
		84936AC92AB12B8E00F05AAE /* HighlightSign */ = {
			isa = PBXGroup;
			children = (
				84936AC72AB12B8600F05AAE /* HighlightSignView.swift */,
			);
			path = HighlightSign;
			sourceTree = "<group>";
		};
/* End PBXGroup section */

/* Begin PBXNativeTarget section */
		8476F5972AAF384D000AF0E2 /* Otel */ = {
			isa = PBXNativeTarget;
			buildConfigurationList = 8476F5A62AAF384F000AF0E2 /* Build configuration list for PBXNativeTarget "Otel" */;
			buildPhases = (
				8476F5942AAF384D000AF0E2 /* Sources */,
				8476F5952AAF384D000AF0E2 /* Frameworks */,
				8476F5962AAF384D000AF0E2 /* Resources */,
			);
			buildRules = (
			);
			dependencies = (
			);
			name = Otel;
			productName = Otel;
			productReference = 8476F5982AAF384D000AF0E2 /* Otel.app */;
			productType = "com.apple.product-type.application";
		};
/* End PBXNativeTarget section */

/* Begin PBXProject section */
		8476F5902AAF384D000AF0E2 /* Project object */ = {
			isa = PBXProject;
			attributes = {
				BuildIndependentTargetsInParallel = 1;
				LastSwiftUpdateCheck = 1430;
				LastUpgradeCheck = 1430;
				TargetAttributes = {
					8476F5972AAF384D000AF0E2 = {
						CreatedOnToolsVersion = 14.3;
					};
				};
			};
			buildConfigurationList = 8476F5932AAF384D000AF0E2 /* Build configuration list for PBXProject "Otel" */;
			compatibilityVersion = "Xcode 14.0";
			developmentRegion = en;
			hasScannedForEncodings = 0;
			knownRegions = (
				en,
				Base,
			);
			mainGroup = 8476F58F2AAF384D000AF0E2;
			productRefGroup = 8476F5992AAF384D000AF0E2 /* Products */;
			projectDirPath = "";
			projectRoot = "";
			targets = (
				8476F5972AAF384D000AF0E2 /* Otel */,
			);
		};
/* End PBXProject section */

/* Begin PBXResourcesBuildPhase section */
		8476F5962AAF384D000AF0E2 /* Resources */ = {
			isa = PBXResourcesBuildPhase;
			buildActionMask = 2147483647;
			files = (
				8476F5A32AAF384F000AF0E2 /* Preview Assets.xcassets in Resources */,
				8476F5A02AAF384F000AF0E2 /* Assets.xcassets in Resources */,
			);
			runOnlyForDeploymentPostprocessing = 0;
		};
/* End PBXResourcesBuildPhase section */

/* Begin PBXSourcesBuildPhase section */
		8476F5942AAF384D000AF0E2 /* Sources */ = {
			isa = PBXSourcesBuildPhase;
			buildActionMask = 2147483647;
			files = (
				8476F59E2AAF384D000AF0E2 /* ContentView.swift in Sources */,
				84936AB22AAF49F500F05AAE /* Images.swift in Sources */,
				84936AC62AAF722400F05AAE /* CarouselView.swift in Sources */,
				84936AC82AB12B8600F05AAE /* HighlightSignView.swift in Sources */,
				84936ABF2AAF55E300F05AAE /* CarouselIndicatorView.swift in Sources */,
				84936AAF2AAF41B100F05AAE /* Fonts.swift in Sources */,
				84936AC42AAF57DF00F05AAE /* Shape + Extension.swift in Sources */,
				84936AB52AAF4AB900F05AAE /* Color.swift in Sources */,
				84936AC12AAF57AC00F05AAE /* CircleIndicatorView.swift in Sources */,
				8476F59C2AAF384D000AF0E2 /* OtelApp.swift in Sources */,
			);
			runOnlyForDeploymentPostprocessing = 0;
		};
/* End PBXSourcesBuildPhase section */

/* Begin XCBuildConfiguration section */
		8476F5A42AAF384F000AF0E2 /* Debug */ = {
			isa = XCBuildConfiguration;
			buildSettings = {
				ALWAYS_SEARCH_USER_PATHS = NO;
				CLANG_ANALYZER_NONNULL = YES;
				CLANG_ANALYZER_NUMBER_OBJECT_CONVERSION = YES_AGGRESSIVE;
				CLANG_CXX_LANGUAGE_STANDARD = "gnu++20";
				CLANG_ENABLE_MODULES = YES;
				CLANG_ENABLE_OBJC_ARC = YES;
				CLANG_ENABLE_OBJC_WEAK = YES;
				CLANG_WARN_BLOCK_CAPTURE_AUTORELEASING = YES;
				CLANG_WARN_BOOL_CONVERSION = YES;
				CLANG_WARN_COMMA = YES;
				CLANG_WARN_CONSTANT_CONVERSION = YES;
				CLANG_WARN_DEPRECATED_OBJC_IMPLEMENTATIONS = YES;
				CLANG_WARN_DIRECT_OBJC_ISA_USAGE = YES_ERROR;
				CLANG_WARN_DOCUMENTATION_COMMENTS = YES;
				CLANG_WARN_EMPTY_BODY = YES;
				CLANG_WARN_ENUM_CONVERSION = YES;
				CLANG_WARN_INFINITE_RECURSION = YES;
				CLANG_WARN_INT_CONVERSION = YES;
				CLANG_WARN_NON_LITERAL_NULL_CONVERSION = YES;
				CLANG_WARN_OBJC_IMPLICIT_RETAIN_SELF = YES;
				CLANG_WARN_OBJC_LITERAL_CONVERSION = YES;
				CLANG_WARN_OBJC_ROOT_CLASS = YES_ERROR;
				CLANG_WARN_QUOTED_INCLUDE_IN_FRAMEWORK_HEADER = YES;
				CLANG_WARN_RANGE_LOOP_ANALYSIS = YES;
				CLANG_WARN_STRICT_PROTOTYPES = YES;
				CLANG_WARN_SUSPICIOUS_MOVE = YES;
				CLANG_WARN_UNGUARDED_AVAILABILITY = YES_AGGRESSIVE;
				CLANG_WARN_UNREACHABLE_CODE = YES;
				CLANG_WARN__DUPLICATE_METHOD_MATCH = YES;
				COPY_PHASE_STRIP = NO;
				DEBUG_INFORMATION_FORMAT = dwarf;
				ENABLE_STRICT_OBJC_MSGSEND = YES;
				ENABLE_TESTABILITY = YES;
				GCC_C_LANGUAGE_STANDARD = gnu11;
				GCC_DYNAMIC_NO_PIC = NO;
				GCC_NO_COMMON_BLOCKS = YES;
				GCC_OPTIMIZATION_LEVEL = 0;
				GCC_PREPROCESSOR_DEFINITIONS = (
					"DEBUG=1",
					"$(inherited)",
				);
				GCC_WARN_64_TO_32_BIT_CONVERSION = YES;
				GCC_WARN_ABOUT_RETURN_TYPE = YES_ERROR;
				GCC_WARN_UNDECLARED_SELECTOR = YES;
				GCC_WARN_UNINITIALIZED_AUTOS = YES_AGGRESSIVE;
				GCC_WARN_UNUSED_FUNCTION = YES;
				GCC_WARN_UNUSED_VARIABLE = YES;
				IPHONEOS_DEPLOYMENT_TARGET = 16.4;
				MTL_ENABLE_DEBUG_INFO = INCLUDE_SOURCE;
				MTL_FAST_MATH = YES;
				ONLY_ACTIVE_ARCH = YES;
				SDKROOT = iphoneos;
				SWIFT_ACTIVE_COMPILATION_CONDITIONS = DEBUG;
				SWIFT_OPTIMIZATION_LEVEL = "-Onone";
			};
			name = Debug;
		};
		8476F5A52AAF384F000AF0E2 /* Release */ = {
			isa = XCBuildConfiguration;
			buildSettings = {
				ALWAYS_SEARCH_USER_PATHS = NO;
				CLANG_ANALYZER_NONNULL = YES;
				CLANG_ANALYZER_NUMBER_OBJECT_CONVERSION = YES_AGGRESSIVE;
				CLANG_CXX_LANGUAGE_STANDARD = "gnu++20";
				CLANG_ENABLE_MODULES = YES;
				CLANG_ENABLE_OBJC_ARC = YES;
				CLANG_ENABLE_OBJC_WEAK = YES;
				CLANG_WARN_BLOCK_CAPTURE_AUTORELEASING = YES;
				CLANG_WARN_BOOL_CONVERSION = YES;
				CLANG_WARN_COMMA = YES;
				CLANG_WARN_CONSTANT_CONVERSION = YES;
				CLANG_WARN_DEPRECATED_OBJC_IMPLEMENTATIONS = YES;
				CLANG_WARN_DIRECT_OBJC_ISA_USAGE = YES_ERROR;
				CLANG_WARN_DOCUMENTATION_COMMENTS = YES;
				CLANG_WARN_EMPTY_BODY = YES;
				CLANG_WARN_ENUM_CONVERSION = YES;
				CLANG_WARN_INFINITE_RECURSION = YES;
				CLANG_WARN_INT_CONVERSION = YES;
				CLANG_WARN_NON_LITERAL_NULL_CONVERSION = YES;
				CLANG_WARN_OBJC_IMPLICIT_RETAIN_SELF = YES;
				CLANG_WARN_OBJC_LITERAL_CONVERSION = YES;
				CLANG_WARN_OBJC_ROOT_CLASS = YES_ERROR;
				CLANG_WARN_QUOTED_INCLUDE_IN_FRAMEWORK_HEADER = YES;
				CLANG_WARN_RANGE_LOOP_ANALYSIS = YES;
				CLANG_WARN_STRICT_PROTOTYPES = YES;
				CLANG_WARN_SUSPICIOUS_MOVE = YES;
				CLANG_WARN_UNGUARDED_AVAILABILITY = YES_AGGRESSIVE;
				CLANG_WARN_UNREACHABLE_CODE = YES;
				CLANG_WARN__DUPLICATE_METHOD_MATCH = YES;
				COPY_PHASE_STRIP = NO;
				DEBUG_INFORMATION_FORMAT = "dwarf-with-dsym";
				ENABLE_NS_ASSERTIONS = NO;
				ENABLE_STRICT_OBJC_MSGSEND = YES;
				GCC_C_LANGUAGE_STANDARD = gnu11;
				GCC_NO_COMMON_BLOCKS = YES;
				GCC_WARN_64_TO_32_BIT_CONVERSION = YES;
				GCC_WARN_ABOUT_RETURN_TYPE = YES_ERROR;
				GCC_WARN_UNDECLARED_SELECTOR = YES;
				GCC_WARN_UNINITIALIZED_AUTOS = YES_AGGRESSIVE;
				GCC_WARN_UNUSED_FUNCTION = YES;
				GCC_WARN_UNUSED_VARIABLE = YES;
				IPHONEOS_DEPLOYMENT_TARGET = 16.4;
				MTL_ENABLE_DEBUG_INFO = NO;
				MTL_FAST_MATH = YES;
				SDKROOT = iphoneos;
				SWIFT_COMPILATION_MODE = wholemodule;
				SWIFT_OPTIMIZATION_LEVEL = "-O";
				VALIDATE_PRODUCT = YES;
			};
			name = Release;
		};
		8476F5A72AAF384F000AF0E2 /* Debug */ = {
			isa = XCBuildConfiguration;
			buildSettings = {
				ASSETCATALOG_COMPILER_APPICON_NAME = AppIcon;
				ASSETCATALOG_COMPILER_GLOBAL_ACCENT_COLOR_NAME = AccentColor;
				CODE_SIGN_STYLE = Automatic;
				CURRENT_PROJECT_VERSION = 1;
				DEVELOPMENT_ASSET_PATHS = "\"Otel/Preview Content\"";
				DEVELOPMENT_TEAM = CQP8YYBTMF;
				ENABLE_PREVIEWS = YES;
				GENERATE_INFOPLIST_FILE = YES;
				INFOPLIST_KEY_UIApplicationSceneManifest_Generation = YES;
				INFOPLIST_KEY_UIApplicationSupportsIndirectInputEvents = YES;
				INFOPLIST_KEY_UILaunchScreen_Generation = YES;
				INFOPLIST_KEY_UISupportedInterfaceOrientations_iPad = "UIInterfaceOrientationPortrait UIInterfaceOrientationPortraitUpsideDown UIInterfaceOrientationLandscapeLeft UIInterfaceOrientationLandscapeRight";
				INFOPLIST_KEY_UISupportedInterfaceOrientations_iPhone = "UIInterfaceOrientationPortrait UIInterfaceOrientationLandscapeLeft UIInterfaceOrientationLandscapeRight";
				LD_RUNPATH_SEARCH_PATHS = (
					"$(inherited)",
					"@executable_path/Frameworks",
				);
				MARKETING_VERSION = 1.0;
				PRODUCT_BUNDLE_IDENTIFIER = com.ViktopIN.Otel;
				PRODUCT_NAME = "$(TARGET_NAME)";
				SWIFT_EMIT_LOC_STRINGS = YES;
				SWIFT_VERSION = 5.0;
				TARGETED_DEVICE_FAMILY = "1,2";
			};
			name = Debug;
		};
		8476F5A82AAF384F000AF0E2 /* Release */ = {
			isa = XCBuildConfiguration;
			buildSettings = {
				ASSETCATALOG_COMPILER_APPICON_NAME = AppIcon;
				ASSETCATALOG_COMPILER_GLOBAL_ACCENT_COLOR_NAME = AccentColor;
				CODE_SIGN_STYLE = Automatic;
				CURRENT_PROJECT_VERSION = 1;
				DEVELOPMENT_ASSET_PATHS = "\"Otel/Preview Content\"";
				DEVELOPMENT_TEAM = CQP8YYBTMF;
				ENABLE_PREVIEWS = YES;
				GENERATE_INFOPLIST_FILE = YES;
				INFOPLIST_KEY_UIApplicationSceneManifest_Generation = YES;
				INFOPLIST_KEY_UIApplicationSupportsIndirectInputEvents = YES;
				INFOPLIST_KEY_UILaunchScreen_Generation = YES;
				INFOPLIST_KEY_UISupportedInterfaceOrientations_iPad = "UIInterfaceOrientationPortrait UIInterfaceOrientationPortraitUpsideDown UIInterfaceOrientationLandscapeLeft UIInterfaceOrientationLandscapeRight";
				INFOPLIST_KEY_UISupportedInterfaceOrientations_iPhone = "UIInterfaceOrientationPortrait UIInterfaceOrientationLandscapeLeft UIInterfaceOrientationLandscapeRight";
				LD_RUNPATH_SEARCH_PATHS = (
					"$(inherited)",
					"@executable_path/Frameworks",
				);
				MARKETING_VERSION = 1.0;
				PRODUCT_BUNDLE_IDENTIFIER = com.ViktopIN.Otel;
				PRODUCT_NAME = "$(TARGET_NAME)";
				SWIFT_EMIT_LOC_STRINGS = YES;
				SWIFT_VERSION = 5.0;
				TARGETED_DEVICE_FAMILY = "1,2";
			};
			name = Release;
		};
/* End XCBuildConfiguration section */

/* Begin XCConfigurationList section */
		8476F5932AAF384D000AF0E2 /* Build configuration list for PBXProject "Otel" */ = {
			isa = XCConfigurationList;
			buildConfigurations = (
				8476F5A42AAF384F000AF0E2 /* Debug */,
				8476F5A52AAF384F000AF0E2 /* Release */,
			);
			defaultConfigurationIsVisible = 0;
			defaultConfigurationName = Release;
		};
		8476F5A62AAF384F000AF0E2 /* Build configuration list for PBXNativeTarget "Otel" */ = {
			isa = XCConfigurationList;
			buildConfigurations = (
				8476F5A72AAF384F000AF0E2 /* Debug */,
				8476F5A82AAF384F000AF0E2 /* Release */,
			);
			defaultConfigurationIsVisible = 0;
			defaultConfigurationName = Release;
		};
/* End XCConfigurationList section */
	};
	rootObject = 8476F5902AAF384D000AF0E2 /* Project object */;
}
